
Microsoft Visual Studio Solution File, Format Version 12.00
# Visual Studio Version 17
VisualStudioVersion = 17.11.35219.272
MinimumVisualStudioVersion = 10.0.40219.1
Project("{FAE04EC0-301F-11D3-BF4B-00C04F79EFBC}") = "API_Countries", "API_Countries\API_Countries.csproj", "{3D21F728-FDD2-4536-9F9A-EE073D117E8F}"
EndProject
Project("{FAE04EC0-301F-11D3-BF4B-00C04F79EFBC}") = "API_Countries.Tests", "API_Countries.Tests\API_Countries.Tests.csproj", "{E643F984-0DF5-4483-8411-5E409205721F}"
EndProject
Global
	GlobalSection(SolutionConfigurationPlatforms) = preSolution
		Debug|Any CPU = Debug|Any CPU
		Release|Any CPU = Release|Any CPU
	EndGlobalSection
	GlobalSection(ProjectConfigurationPlatforms) = postSolution
		{3D21F728-FDD2-4536-9F9A-EE073D117E8F}.Debug|Any CPU.ActiveCfg = Debug|Any CPU
		{3D21F728-FDD2-4536-9F9A-EE073D117E8F}.Debug|Any CPU.Build.0 = Debug|Any CPU
		{3D21F728-FDD2-4536-9F9A-EE073D117E8F}.Release|Any CPU.ActiveCfg = Release|Any CPU
		{3D21F728-FDD2-4536-9F9A-EE073D117E8F}.Release|Any CPU.Build.0 = Release|Any CPU
		{E643F984-0DF5-4483-8411-5E409205721F}.Debug|Any CPU.ActiveCfg = Debug|Any CPU
		{E643F984-0DF5-4483-8411-5E409205721F}.Debug|Any CPU.Build.0 = Debug|Any CPU
		{E643F984-0DF5-4483-8411-5E409205721F}.Release|Any CPU.ActiveCfg = Release|Any CPU
		{E643F984-0DF5-4483-8411-5E409205721F}.Release|Any CPU.Build.0 = Release|Any CPU
	EndGlobalSection
	GlobalSection(SolutionProperties) = preSolution
		HideSolutionNode = FALSE
	EndGlobalSection
	GlobalSection(ExtensibilityGlobals) = postSolution
		SolutionGuid = {3E791EC0-C3B0-4FE7-8FA8-731C70BBDF2F}
	EndGlobalSection
EndGlobal
